
Microsoft Visual Studio Solution File, Format Version 12.00
# Visual Studio Version 16
VisualStudioVersion = 16.0.31911.196
MinimumVisualStudioVersion = 10.0.40219.1
Project("{778DAE3C-4631-46EA-AA77-85C1314464D9}") = "bgee", "bgee\bgee.vbproj", "{D4FE6118-D9B5-4682-B75C-9BC437AA4634}"
EndProject
Project("{2150E333-8FDC-42A3-9474-1A3956D46DE8}") = "framework", "framework", "{31E914E7-3BB0-49B9-9C0D-0E1D1E64C1E6}"
EndProject
Project("{2150E333-8FDC-42A3-9474-1A3956D46DE8}") = "math", "math", "{E09D8747-B783-4C8D-81E2-94BEB760F1FF}"
EndProject
Project("{778DAE3C-4631-46EA-AA77-85C1314464D9}") = "Core", "..\..\GCModeller\src\runtime\sciBASIC#\Microsoft.VisualBasic.Core\src\Core.vbproj", "{E06E5C21-3F6A-45B9-973B-D8DC9B7605AE}"
EndProject
Project("{2150E333-8FDC-42A3-9474-1A3956D46DE8}") = "renv", "renv", "{DE634AC6-244F-41C8-B92C-5622B213DDC3}"
EndProject
Project("{778DAE3C-4631-46EA-AA77-85C1314464D9}") = "Rsharp-netcore5", "..\..\GCModeller\src\R-sharp\R#\Rsharp-netcore5.vbproj", "{DF4B188D-63F6-4F90-8949-1E72EB146314}"
EndProject
Project("{2150E333-8FDC-42A3-9474-1A3956D46DE8}") = "data", "data", "{02774B2D-9079-4833-B79C-07AFB2E25343}"
EndProject
Project("{778DAE3C-4631-46EA-AA77-85C1314464D9}") = "rdf_xml-netcore5", "..\..\GCModeller\src\runtime\sciBASIC#\mime\application%rdf+xml\rdf_xml-netcore5.vbproj", "{239776EA-F922-4B1D-9582-A93DA96A48D9}"
EndProject
Project("{778DAE3C-4631-46EA-AA77-85C1314464D9}") = "test", "..\test\test\test.vbproj", "{A15CC457-A538-4F3A-8C55-5AA49CF2C1F3}"
EndProject
Project("{2150E333-8FDC-42A3-9474-1A3956D46DE8}") = "gcmodeller", "gcmodeller", "{6FA9C997-E8EA-4522-9009-E2B5AD9FB608}"
EndProject
Project("{778DAE3C-4631-46EA-AA77-85C1314464D9}") = "Math.NET5", "..\..\GCModeller\src\runtime\sciBASIC#\Data_science\Mathematica\Math\Math\Math.NET5.vbproj", "{57A462B8-D289-4C83-B3D2-DD1BDE6FB181}"
EndProject
Project("{778DAE3C-4631-46EA-AA77-85C1314464D9}") = "stats-netcore5", "..\..\GCModeller\src\runtime\sciBASIC#\Data_science\Mathematica\Math\Math.Statistics\stats-netcore5.vbproj", "{84B69AA2-8008-4987-88DE-C228B8A72026}"
EndProject
Project("{778DAE3C-4631-46EA-AA77-85C1314464D9}") = "Fisher.NET5", "..\..\GCModeller\src\GCModeller\annotations\GSEA\FisherCore\Fisher.NET5.vbproj", "{9BE158B1-8DD5-488E-A2A0-8E27444D12F8}"
EndProject
Project("{778DAE3C-4631-46EA-AA77-85C1314464D9}") = "biocore-netcore5", "..\..\GCModeller\src\GCModeller\core\Bio.Assembly\biocore-netcore5.vbproj", "{F1FE350B-E5DD-4EFF-9575-9A41DD9445B1}"
EndProject
Project("{F184B08F-C81C-45F6-A57F-5ABD9991F28F}") = "Erica", "Erica\Erica.vbproj", "{F18D5D05-751F-434F-B60B-A6D4EDB759AE}"
EndProject
Project("{778DAE3C-4631-46EA-AA77-85C1314464D9}") = "binarydata-netcore5", "..\..\GCModeller\src\runtime\sciBASIC#\Data\BinaryData\BinaryData\binarydata-netcore5.vbproj", "{6C8F6B83-845C-4B34-90DA-F95B4EA99050}"
EndProject
Project("{778DAE3C-4631-46EA-AA77-85C1314464D9}") = "msgpack-netcore5", "..\..\GCModeller\src\runtime\sciBASIC#\Data\BinaryData\msgpack\msgpack-netcore5.vbproj", "{E5E6A5B4-5CCC-4694-8850-CB657D191B79}"
EndProject
Global
	GlobalSection(SolutionConfigurationPlatforms) = preSolution
		Debug|Any CPU = Debug|Any CPU
		Debug|x64 = Debug|x64
		LipidSearch|Any CPU = LipidSearch|Any CPU
		LipidSearch|x64 = LipidSearch|x64
		mzkit|Any CPU = mzkit|Any CPU
		mzkit|x64 = mzkit|x64
		NPSearch|Any CPU = NPSearch|Any CPU
		NPSearch|x64 = NPSearch|x64
		PlantMAT|Any CPU = PlantMAT|Any CPU
		PlantMAT|x64 = PlantMAT|x64
		Release|Any CPU = Release|Any CPU
		Release|x64 = Release|x64
		Rsharp_app_release|Any CPU = Rsharp_app_release|Any CPU
		Rsharp_app_release|x64 = Rsharp_app_release|x64
	EndGlobalSection
	GlobalSection(ProjectConfigurationPlatforms) = postSolution
		{D4FE6118-D9B5-4682-B75C-9BC437AA4634}.Debug|Any CPU.ActiveCfg = Debug|Any CPU
		{D4FE6118-D9B5-4682-B75C-9BC437AA4634}.Debug|Any CPU.Build.0 = Debug|Any CPU
		{D4FE6118-D9B5-4682-B75C-9BC437AA4634}.Debug|x64.ActiveCfg = Debug|x64
		{D4FE6118-D9B5-4682-B75C-9BC437AA4634}.Debug|x64.Build.0 = Debug|x64
		{D4FE6118-D9B5-4682-B75C-9BC437AA4634}.LipidSearch|Any CPU.ActiveCfg = Debug|Any CPU
		{D4FE6118-D9B5-4682-B75C-9BC437AA4634}.LipidSearch|Any CPU.Build.0 = Debug|Any CPU
		{D4FE6118-D9B5-4682-B75C-9BC437AA4634}.LipidSearch|x64.ActiveCfg = Debug|Any CPU
		{D4FE6118-D9B5-4682-B75C-9BC437AA4634}.LipidSearch|x64.Build.0 = Debug|Any CPU
		{D4FE6118-D9B5-4682-B75C-9BC437AA4634}.mzkit|Any CPU.ActiveCfg = Debug|Any CPU
		{D4FE6118-D9B5-4682-B75C-9BC437AA4634}.mzkit|Any CPU.Build.0 = Debug|Any CPU
		{D4FE6118-D9B5-4682-B75C-9BC437AA4634}.mzkit|x64.ActiveCfg = Debug|Any CPU
		{D4FE6118-D9B5-4682-B75C-9BC437AA4634}.mzkit|x64.Build.0 = Debug|Any CPU
		{D4FE6118-D9B5-4682-B75C-9BC437AA4634}.NPSearch|Any CPU.ActiveCfg = Debug|Any CPU
		{D4FE6118-D9B5-4682-B75C-9BC437AA4634}.NPSearch|Any CPU.Build.0 = Debug|Any CPU
		{D4FE6118-D9B5-4682-B75C-9BC437AA4634}.NPSearch|x64.ActiveCfg = Debug|Any CPU
		{D4FE6118-D9B5-4682-B75C-9BC437AA4634}.NPSearch|x64.Build.0 = Debug|Any CPU
		{D4FE6118-D9B5-4682-B75C-9BC437AA4634}.PlantMAT|Any CPU.ActiveCfg = Debug|Any CPU
		{D4FE6118-D9B5-4682-B75C-9BC437AA4634}.PlantMAT|Any CPU.Build.0 = Debug|Any CPU
		{D4FE6118-D9B5-4682-B75C-9BC437AA4634}.PlantMAT|x64.ActiveCfg = Debug|Any CPU
		{D4FE6118-D9B5-4682-B75C-9BC437AA4634}.PlantMAT|x64.Build.0 = Debug|Any CPU
		{D4FE6118-D9B5-4682-B75C-9BC437AA4634}.Release|Any CPU.ActiveCfg = Release|Any CPU
		{D4FE6118-D9B5-4682-B75C-9BC437AA4634}.Release|Any CPU.Build.0 = Release|Any CPU
		{D4FE6118-D9B5-4682-B75C-9BC437AA4634}.Release|x64.ActiveCfg = Release|Any CPU
		{D4FE6118-D9B5-4682-B75C-9BC437AA4634}.Release|x64.Build.0 = Release|Any CPU
		{D4FE6118-D9B5-4682-B75C-9BC437AA4634}.Rsharp_app_release|Any CPU.ActiveCfg = Release|Any CPU
		{D4FE6118-D9B5-4682-B75C-9BC437AA4634}.Rsharp_app_release|Any CPU.Build.0 = Release|Any CPU
		{D4FE6118-D9B5-4682-B75C-9BC437AA4634}.Rsharp_app_release|x64.ActiveCfg = Release|Any CPU
		{D4FE6118-D9B5-4682-B75C-9BC437AA4634}.Rsharp_app_release|x64.Build.0 = Release|Any CPU
		{E06E5C21-3F6A-45B9-973B-D8DC9B7605AE}.Debug|Any CPU.ActiveCfg = Debug|Any CPU
		{E06E5C21-3F6A-45B9-973B-D8DC9B7605AE}.Debug|Any CPU.Build.0 = Debug|Any CPU
		{E06E5C21-3F6A-45B9-973B-D8DC9B7605AE}.Debug|x64.ActiveCfg = Debug|x64
		{E06E5C21-3F6A-45B9-973B-D8DC9B7605AE}.Debug|x64.Build.0 = Debug|x64
		{E06E5C21-3F6A-45B9-973B-D8DC9B7605AE}.LipidSearch|Any CPU.ActiveCfg = LipidSearch|Any CPU
		{E06E5C21-3F6A-45B9-973B-D8DC9B7605AE}.LipidSearch|Any CPU.Build.0 = LipidSearch|Any CPU
		{E06E5C21-3F6A-45B9-973B-D8DC9B7605AE}.LipidSearch|x64.ActiveCfg = LipidSearch|x64
		{E06E5C21-3F6A-45B9-973B-D8DC9B7605AE}.LipidSearch|x64.Build.0 = LipidSearch|x64
		{E06E5C21-3F6A-45B9-973B-D8DC9B7605AE}.mzkit|Any CPU.ActiveCfg = mzkit|Any CPU
		{E06E5C21-3F6A-45B9-973B-D8DC9B7605AE}.mzkit|Any CPU.Build.0 = mzkit|Any CPU
		{E06E5C21-3F6A-45B9-973B-D8DC9B7605AE}.mzkit|x64.ActiveCfg = mzkit|x64
		{E06E5C21-3F6A-45B9-973B-D8DC9B7605AE}.mzkit|x64.Build.0 = mzkit|x64
		{E06E5C21-3F6A-45B9-973B-D8DC9B7605AE}.NPSearch|Any CPU.ActiveCfg = NPSearch|Any CPU
		{E06E5C21-3F6A-45B9-973B-D8DC9B7605AE}.NPSearch|Any CPU.Build.0 = NPSearch|Any CPU
		{E06E5C21-3F6A-45B9-973B-D8DC9B7605AE}.NPSearch|x64.ActiveCfg = NPSearch|x64
		{E06E5C21-3F6A-45B9-973B-D8DC9B7605AE}.NPSearch|x64.Build.0 = NPSearch|x64
		{E06E5C21-3F6A-45B9-973B-D8DC9B7605AE}.PlantMAT|Any CPU.ActiveCfg = PlantMAT|Any CPU
		{E06E5C21-3F6A-45B9-973B-D8DC9B7605AE}.PlantMAT|Any CPU.Build.0 = PlantMAT|Any CPU
		{E06E5C21-3F6A-45B9-973B-D8DC9B7605AE}.PlantMAT|x64.ActiveCfg = PlantMAT|x64
		{E06E5C21-3F6A-45B9-973B-D8DC9B7605AE}.PlantMAT|x64.Build.0 = PlantMAT|x64
		{E06E5C21-3F6A-45B9-973B-D8DC9B7605AE}.Release|Any CPU.ActiveCfg = Release|Any CPU
		{E06E5C21-3F6A-45B9-973B-D8DC9B7605AE}.Release|Any CPU.Build.0 = Release|Any CPU
		{E06E5C21-3F6A-45B9-973B-D8DC9B7605AE}.Release|x64.ActiveCfg = Release|x64
		{E06E5C21-3F6A-45B9-973B-D8DC9B7605AE}.Release|x64.Build.0 = Release|x64
		{E06E5C21-3F6A-45B9-973B-D8DC9B7605AE}.Rsharp_app_release|Any CPU.ActiveCfg = Rsharp_app_release|Any CPU
		{E06E5C21-3F6A-45B9-973B-D8DC9B7605AE}.Rsharp_app_release|Any CPU.Build.0 = Rsharp_app_release|Any CPU
		{E06E5C21-3F6A-45B9-973B-D8DC9B7605AE}.Rsharp_app_release|x64.ActiveCfg = Rsharp_app_release|x64
		{E06E5C21-3F6A-45B9-973B-D8DC9B7605AE}.Rsharp_app_release|x64.Build.0 = Rsharp_app_release|x64
		{DF4B188D-63F6-4F90-8949-1E72EB146314}.Debug|Any CPU.ActiveCfg = Debug|Any CPU
		{DF4B188D-63F6-4F90-8949-1E72EB146314}.Debug|Any CPU.Build.0 = Debug|Any CPU
		{DF4B188D-63F6-4F90-8949-1E72EB146314}.Debug|x64.ActiveCfg = Debug|x64
		{DF4B188D-63F6-4F90-8949-1E72EB146314}.Debug|x64.Build.0 = Debug|x64
		{DF4B188D-63F6-4F90-8949-1E72EB146314}.LipidSearch|Any CPU.ActiveCfg = LipidSearch|Any CPU
		{DF4B188D-63F6-4F90-8949-1E72EB146314}.LipidSearch|Any CPU.Build.0 = LipidSearch|Any CPU
		{DF4B188D-63F6-4F90-8949-1E72EB146314}.LipidSearch|x64.ActiveCfg = LipidSearch|x64
		{DF4B188D-63F6-4F90-8949-1E72EB146314}.LipidSearch|x64.Build.0 = LipidSearch|x64
		{DF4B188D-63F6-4F90-8949-1E72EB146314}.mzkit|Any CPU.ActiveCfg = mzkit|Any CPU
		{DF4B188D-63F6-4F90-8949-1E72EB146314}.mzkit|Any CPU.Build.0 = mzkit|Any CPU
		{DF4B188D-63F6-4F90-8949-1E72EB146314}.mzkit|x64.ActiveCfg = mzkit|x64
		{DF4B188D-63F6-4F90-8949-1E72EB146314}.mzkit|x64.Build.0 = mzkit|x64
		{DF4B188D-63F6-4F90-8949-1E72EB146314}.NPSearch|Any CPU.ActiveCfg = NPSearch|Any CPU
		{DF4B188D-63F6-4F90-8949-1E72EB146314}.NPSearch|Any CPU.Build.0 = NPSearch|Any CPU
		{DF4B188D-63F6-4F90-8949-1E72EB146314}.NPSearch|x64.ActiveCfg = NPSearch|x64
		{DF4B188D-63F6-4F90-8949-1E72EB146314}.NPSearch|x64.Build.0 = NPSearch|x64
		{DF4B188D-63F6-4F90-8949-1E72EB146314}.PlantMAT|Any CPU.ActiveCfg = PlantMAT|Any CPU
		{DF4B188D-63F6-4F90-8949-1E72EB146314}.PlantMAT|Any CPU.Build.0 = PlantMAT|Any CPU
		{DF4B188D-63F6-4F90-8949-1E72EB146314}.PlantMAT|x64.ActiveCfg = PlantMAT|x64
		{DF4B188D-63F6-4F90-8949-1E72EB146314}.PlantMAT|x64.Build.0 = PlantMAT|x64
		{DF4B188D-63F6-4F90-8949-1E72EB146314}.Release|Any CPU.ActiveCfg = Release|Any CPU
		{DF4B188D-63F6-4F90-8949-1E72EB146314}.Release|Any CPU.Build.0 = Release|Any CPU
		{DF4B188D-63F6-4F90-8949-1E72EB146314}.Release|x64.ActiveCfg = Release|x64
		{DF4B188D-63F6-4F90-8949-1E72EB146314}.Release|x64.Build.0 = Release|x64
		{DF4B188D-63F6-4F90-8949-1E72EB146314}.Rsharp_app_release|Any CPU.ActiveCfg = Rsharp_app_release|Any CPU
		{DF4B188D-63F6-4F90-8949-1E72EB146314}.Rsharp_app_release|Any CPU.Build.0 = Rsharp_app_release|Any CPU
		{DF4B188D-63F6-4F90-8949-1E72EB146314}.Rsharp_app_release|x64.ActiveCfg = Rsharp_app_release|x64
		{DF4B188D-63F6-4F90-8949-1E72EB146314}.Rsharp_app_release|x64.Build.0 = Rsharp_app_release|x64
		{239776EA-F922-4B1D-9582-A93DA96A48D9}.Debug|Any CPU.ActiveCfg = Debug|Any CPU
		{239776EA-F922-4B1D-9582-A93DA96A48D9}.Debug|Any CPU.Build.0 = Debug|Any CPU
		{239776EA-F922-4B1D-9582-A93DA96A48D9}.Debug|x64.ActiveCfg = Debug|x64
		{239776EA-F922-4B1D-9582-A93DA96A48D9}.Debug|x64.Build.0 = Debug|x64
		{239776EA-F922-4B1D-9582-A93DA96A48D9}.LipidSearch|Any CPU.ActiveCfg = LipidSearch|Any CPU
		{239776EA-F922-4B1D-9582-A93DA96A48D9}.LipidSearch|Any CPU.Build.0 = LipidSearch|Any CPU
		{239776EA-F922-4B1D-9582-A93DA96A48D9}.LipidSearch|x64.ActiveCfg = LipidSearch|x64
		{239776EA-F922-4B1D-9582-A93DA96A48D9}.LipidSearch|x64.Build.0 = LipidSearch|x64
		{239776EA-F922-4B1D-9582-A93DA96A48D9}.mzkit|Any CPU.ActiveCfg = Debug|Any CPU
		{239776EA-F922-4B1D-9582-A93DA96A48D9}.mzkit|Any CPU.Build.0 = Debug|Any CPU
		{239776EA-F922-4B1D-9582-A93DA96A48D9}.mzkit|x64.ActiveCfg = Debug|x64
		{239776EA-F922-4B1D-9582-A93DA96A48D9}.mzkit|x64.Build.0 = Debug|x64
		{239776EA-F922-4B1D-9582-A93DA96A48D9}.NPSearch|Any CPU.ActiveCfg = Debug|Any CPU
		{239776EA-F922-4B1D-9582-A93DA96A48D9}.NPSearch|Any CPU.Build.0 = Debug|Any CPU
		{239776EA-F922-4B1D-9582-A93DA96A48D9}.NPSearch|x64.ActiveCfg = Debug|x64
		{239776EA-F922-4B1D-9582-A93DA96A48D9}.NPSearch|x64.Build.0 = Debug|x64
		{239776EA-F922-4B1D-9582-A93DA96A48D9}.PlantMAT|Any CPU.ActiveCfg = Debug|Any CPU
		{239776EA-F922-4B1D-9582-A93DA96A48D9}.PlantMAT|Any CPU.Build.0 = Debug|Any CPU
		{239776EA-F922-4B1D-9582-A93DA96A48D9}.PlantMAT|x64.ActiveCfg = Debug|x64
		{239776EA-F922-4B1D-9582-A93DA96A48D9}.PlantMAT|x64.Build.0 = Debug|x64
		{239776EA-F922-4B1D-9582-A93DA96A48D9}.Release|Any CPU.ActiveCfg = Release|Any CPU
		{239776EA-F922-4B1D-9582-A93DA96A48D9}.Release|Any CPU.Build.0 = Release|Any CPU
		{239776EA-F922-4B1D-9582-A93DA96A48D9}.Release|x64.ActiveCfg = Release|x64
		{239776EA-F922-4B1D-9582-A93DA96A48D9}.Release|x64.Build.0 = Release|x64
		{239776EA-F922-4B1D-9582-A93DA96A48D9}.Rsharp_app_release|Any CPU.ActiveCfg = Rsharp_app_release|Any CPU
		{239776EA-F922-4B1D-9582-A93DA96A48D9}.Rsharp_app_release|Any CPU.Build.0 = Rsharp_app_release|Any CPU
		{239776EA-F922-4B1D-9582-A93DA96A48D9}.Rsharp_app_release|x64.ActiveCfg = Rsharp_app_release|x64
		{239776EA-F922-4B1D-9582-A93DA96A48D9}.Rsharp_app_release|x64.Build.0 = Rsharp_app_release|x64
		{A15CC457-A538-4F3A-8C55-5AA49CF2C1F3}.Debug|Any CPU.ActiveCfg = Debug|Any CPU
		{A15CC457-A538-4F3A-8C55-5AA49CF2C1F3}.Debug|Any CPU.Build.0 = Debug|Any CPU
		{A15CC457-A538-4F3A-8C55-5AA49CF2C1F3}.Debug|x64.ActiveCfg = Debug|x64
		{A15CC457-A538-4F3A-8C55-5AA49CF2C1F3}.Debug|x64.Build.0 = Debug|x64
		{A15CC457-A538-4F3A-8C55-5AA49CF2C1F3}.LipidSearch|Any CPU.ActiveCfg = Debug|Any CPU
		{A15CC457-A538-4F3A-8C55-5AA49CF2C1F3}.LipidSearch|Any CPU.Build.0 = Debug|Any CPU
		{A15CC457-A538-4F3A-8C55-5AA49CF2C1F3}.LipidSearch|x64.ActiveCfg = Debug|Any CPU
		{A15CC457-A538-4F3A-8C55-5AA49CF2C1F3}.LipidSearch|x64.Build.0 = Debug|Any CPU
		{A15CC457-A538-4F3A-8C55-5AA49CF2C1F3}.mzkit|Any CPU.ActiveCfg = Debug|Any CPU
		{A15CC457-A538-4F3A-8C55-5AA49CF2C1F3}.mzkit|Any CPU.Build.0 = Debug|Any CPU
		{A15CC457-A538-4F3A-8C55-5AA49CF2C1F3}.mzkit|x64.ActiveCfg = Debug|Any CPU
		{A15CC457-A538-4F3A-8C55-5AA49CF2C1F3}.mzkit|x64.Build.0 = Debug|Any CPU
		{A15CC457-A538-4F3A-8C55-5AA49CF2C1F3}.NPSearch|Any CPU.ActiveCfg = Debug|Any CPU
		{A15CC457-A538-4F3A-8C55-5AA49CF2C1F3}.NPSearch|Any CPU.Build.0 = Debug|Any CPU
		{A15CC457-A538-4F3A-8C55-5AA49CF2C1F3}.NPSearch|x64.ActiveCfg = Debug|Any CPU
		{A15CC457-A538-4F3A-8C55-5AA49CF2C1F3}.NPSearch|x64.Build.0 = Debug|Any CPU
		{A15CC457-A538-4F3A-8C55-5AA49CF2C1F3}.PlantMAT|Any CPU.ActiveCfg = Debug|Any CPU
		{A15CC457-A538-4F3A-8C55-5AA49CF2C1F3}.PlantMAT|Any CPU.Build.0 = Debug|Any CPU
		{A15CC457-A538-4F3A-8C55-5AA49CF2C1F3}.PlantMAT|x64.ActiveCfg = Debug|Any CPU
		{A15CC457-A538-4F3A-8C55-5AA49CF2C1F3}.PlantMAT|x64.Build.0 = Debug|Any CPU
		{A15CC457-A538-4F3A-8C55-5AA49CF2C1F3}.Release|Any CPU.ActiveCfg = Release|Any CPU
		{A15CC457-A538-4F3A-8C55-5AA49CF2C1F3}.Release|Any CPU.Build.0 = Release|Any CPU
		{A15CC457-A538-4F3A-8C55-5AA49CF2C1F3}.Release|x64.ActiveCfg = Release|Any CPU
		{A15CC457-A538-4F3A-8C55-5AA49CF2C1F3}.Release|x64.Build.0 = Release|Any CPU
		{A15CC457-A538-4F3A-8C55-5AA49CF2C1F3}.Rsharp_app_release|Any CPU.ActiveCfg = Release|Any CPU
		{A15CC457-A538-4F3A-8C55-5AA49CF2C1F3}.Rsharp_app_release|Any CPU.Build.0 = Release|Any CPU
		{A15CC457-A538-4F3A-8C55-5AA49CF2C1F3}.Rsharp_app_release|x64.ActiveCfg = Release|Any CPU
		{A15CC457-A538-4F3A-8C55-5AA49CF2C1F3}.Rsharp_app_release|x64.Build.0 = Release|Any CPU
		{57A462B8-D289-4C83-B3D2-DD1BDE6FB181}.Debug|Any CPU.ActiveCfg = Debug|Any CPU
		{57A462B8-D289-4C83-B3D2-DD1BDE6FB181}.Debug|Any CPU.Build.0 = Debug|Any CPU
		{57A462B8-D289-4C83-B3D2-DD1BDE6FB181}.Debug|x64.ActiveCfg = Debug|x64
		{57A462B8-D289-4C83-B3D2-DD1BDE6FB181}.Debug|x64.Build.0 = Debug|x64
		{57A462B8-D289-4C83-B3D2-DD1BDE6FB181}.LipidSearch|Any CPU.ActiveCfg = LipidSearch|Any CPU
		{57A462B8-D289-4C83-B3D2-DD1BDE6FB181}.LipidSearch|Any CPU.Build.0 = LipidSearch|Any CPU
		{57A462B8-D289-4C83-B3D2-DD1BDE6FB181}.LipidSearch|x64.ActiveCfg = LipidSearch|x64
		{57A462B8-D289-4C83-B3D2-DD1BDE6FB181}.LipidSearch|x64.Build.0 = LipidSearch|x64
		{57A462B8-D289-4C83-B3D2-DD1BDE6FB181}.mzkit|Any CPU.ActiveCfg = mzkit|Any CPU
		{57A462B8-D289-4C83-B3D2-DD1BDE6FB181}.mzkit|Any CPU.Build.0 = mzkit|Any CPU
		{57A462B8-D289-4C83-B3D2-DD1BDE6FB181}.mzkit|x64.ActiveCfg = mzkit|x64
		{57A462B8-D289-4C83-B3D2-DD1BDE6FB181}.mzkit|x64.Build.0 = mzkit|x64
		{57A462B8-D289-4C83-B3D2-DD1BDE6FB181}.NPSearch|Any CPU.ActiveCfg = NPSearch|Any CPU
		{57A462B8-D289-4C83-B3D2-DD1BDE6FB181}.NPSearch|Any CPU.Build.0 = NPSearch|Any CPU
		{57A462B8-D289-4C83-B3D2-DD1BDE6FB181}.NPSearch|x64.ActiveCfg = NPSearch|x64
		{57A462B8-D289-4C83-B3D2-DD1BDE6FB181}.NPSearch|x64.Build.0 = NPSearch|x64
		{57A462B8-D289-4C83-B3D2-DD1BDE6FB181}.PlantMAT|Any CPU.ActiveCfg = PlantMAT|Any CPU
		{57A462B8-D289-4C83-B3D2-DD1BDE6FB181}.PlantMAT|Any CPU.Build.0 = PlantMAT|Any CPU
		{57A462B8-D289-4C83-B3D2-DD1BDE6FB181}.PlantMAT|x64.ActiveCfg = PlantMAT|x64
		{57A462B8-D289-4C83-B3D2-DD1BDE6FB181}.PlantMAT|x64.Build.0 = PlantMAT|x64
		{57A462B8-D289-4C83-B3D2-DD1BDE6FB181}.Release|Any CPU.ActiveCfg = Release|Any CPU
		{57A462B8-D289-4C83-B3D2-DD1BDE6FB181}.Release|Any CPU.Build.0 = Release|Any CPU
		{57A462B8-D289-4C83-B3D2-DD1BDE6FB181}.Release|x64.ActiveCfg = Release|x64
		{57A462B8-D289-4C83-B3D2-DD1BDE6FB181}.Release|x64.Build.0 = Release|x64
		{57A462B8-D289-4C83-B3D2-DD1BDE6FB181}.Rsharp_app_release|Any CPU.ActiveCfg = Rsharp_app_release|Any CPU
		{57A462B8-D289-4C83-B3D2-DD1BDE6FB181}.Rsharp_app_release|Any CPU.Build.0 = Rsharp_app_release|Any CPU
		{57A462B8-D289-4C83-B3D2-DD1BDE6FB181}.Rsharp_app_release|x64.ActiveCfg = Rsharp_app_release|x64
		{57A462B8-D289-4C83-B3D2-DD1BDE6FB181}.Rsharp_app_release|x64.Build.0 = Rsharp_app_release|x64
		{84B69AA2-8008-4987-88DE-C228B8A72026}.Debug|Any CPU.ActiveCfg = Debug|Any CPU
		{84B69AA2-8008-4987-88DE-C228B8A72026}.Debug|Any CPU.Build.0 = Debug|Any CPU
		{84B69AA2-8008-4987-88DE-C228B8A72026}.Debug|x64.ActiveCfg = Debug|x64
		{84B69AA2-8008-4987-88DE-C228B8A72026}.Debug|x64.Build.0 = Debug|x64
		{84B69AA2-8008-4987-88DE-C228B8A72026}.LipidSearch|Any CPU.ActiveCfg = LipidSearch|Any CPU
		{84B69AA2-8008-4987-88DE-C228B8A72026}.LipidSearch|Any CPU.Build.0 = LipidSearch|Any CPU
		{84B69AA2-8008-4987-88DE-C228B8A72026}.LipidSearch|x64.ActiveCfg = LipidSearch|x64
		{84B69AA2-8008-4987-88DE-C228B8A72026}.LipidSearch|x64.Build.0 = LipidSearch|x64
		{84B69AA2-8008-4987-88DE-C228B8A72026}.mzkit|Any CPU.ActiveCfg = mzkit|Any CPU
		{84B69AA2-8008-4987-88DE-C228B8A72026}.mzkit|Any CPU.Build.0 = mzkit|Any CPU
		{84B69AA2-8008-4987-88DE-C228B8A72026}.mzkit|x64.ActiveCfg = mzkit|x64
		{84B69AA2-8008-4987-88DE-C228B8A72026}.mzkit|x64.Build.0 = mzkit|x64
		{84B69AA2-8008-4987-88DE-C228B8A72026}.NPSearch|Any CPU.ActiveCfg = Debug|Any CPU
		{84B69AA2-8008-4987-88DE-C228B8A72026}.NPSearch|Any CPU.Build.0 = Debug|Any CPU
		{84B69AA2-8008-4987-88DE-C228B8A72026}.NPSearch|x64.ActiveCfg = Debug|x64
		{84B69AA2-8008-4987-88DE-C228B8A72026}.NPSearch|x64.Build.0 = Debug|x64
		{84B69AA2-8008-4987-88DE-C228B8A72026}.PlantMAT|Any CPU.ActiveCfg = Debug|Any CPU
		{84B69AA2-8008-4987-88DE-C228B8A72026}.PlantMAT|Any CPU.Build.0 = Debug|Any CPU
		{84B69AA2-8008-4987-88DE-C228B8A72026}.PlantMAT|x64.ActiveCfg = Debug|x64
		{84B69AA2-8008-4987-88DE-C228B8A72026}.PlantMAT|x64.Build.0 = Debug|x64
		{84B69AA2-8008-4987-88DE-C228B8A72026}.Release|Any CPU.ActiveCfg = Release|Any CPU
		{84B69AA2-8008-4987-88DE-C228B8A72026}.Release|Any CPU.Build.0 = Release|Any CPU
		{84B69AA2-8008-4987-88DE-C228B8A72026}.Release|x64.ActiveCfg = Release|x64
		{84B69AA2-8008-4987-88DE-C228B8A72026}.Release|x64.Build.0 = Release|x64
		{84B69AA2-8008-4987-88DE-C228B8A72026}.Rsharp_app_release|Any CPU.ActiveCfg = Rsharp_app_release|Any CPU
		{84B69AA2-8008-4987-88DE-C228B8A72026}.Rsharp_app_release|Any CPU.Build.0 = Rsharp_app_release|Any CPU
		{84B69AA2-8008-4987-88DE-C228B8A72026}.Rsharp_app_release|x64.ActiveCfg = Rsharp_app_release|x64
		{84B69AA2-8008-4987-88DE-C228B8A72026}.Rsharp_app_release|x64.Build.0 = Rsharp_app_release|x64
		{9BE158B1-8DD5-488E-A2A0-8E27444D12F8}.Debug|Any CPU.ActiveCfg = Debug|Any CPU
		{9BE158B1-8DD5-488E-A2A0-8E27444D12F8}.Debug|Any CPU.Build.0 = Debug|Any CPU
		{9BE158B1-8DD5-488E-A2A0-8E27444D12F8}.Debug|x64.ActiveCfg = Debug|x64
		{9BE158B1-8DD5-488E-A2A0-8E27444D12F8}.Debug|x64.Build.0 = Debug|x64
		{9BE158B1-8DD5-488E-A2A0-8E27444D12F8}.LipidSearch|Any CPU.ActiveCfg = LipidSearch|Any CPU
		{9BE158B1-8DD5-488E-A2A0-8E27444D12F8}.LipidSearch|Any CPU.Build.0 = LipidSearch|Any CPU
		{9BE158B1-8DD5-488E-A2A0-8E27444D12F8}.LipidSearch|x64.ActiveCfg = LipidSearch|x64
		{9BE158B1-8DD5-488E-A2A0-8E27444D12F8}.LipidSearch|x64.Build.0 = LipidSearch|x64
		{9BE158B1-8DD5-488E-A2A0-8E27444D12F8}.mzkit|Any CPU.ActiveCfg = Debug|Any CPU
		{9BE158B1-8DD5-488E-A2A0-8E27444D12F8}.mzkit|Any CPU.Build.0 = Debug|Any CPU
		{9BE158B1-8DD5-488E-A2A0-8E27444D12F8}.mzkit|x64.ActiveCfg = Debug|x64
		{9BE158B1-8DD5-488E-A2A0-8E27444D12F8}.mzkit|x64.Build.0 = Debug|x64
		{9BE158B1-8DD5-488E-A2A0-8E27444D12F8}.NPSearch|Any CPU.ActiveCfg = Debug|Any CPU
		{9BE158B1-8DD5-488E-A2A0-8E27444D12F8}.NPSearch|Any CPU.Build.0 = Debug|Any CPU
		{9BE158B1-8DD5-488E-A2A0-8E27444D12F8}.NPSearch|x64.ActiveCfg = Debug|x64
		{9BE158B1-8DD5-488E-A2A0-8E27444D12F8}.NPSearch|x64.Build.0 = Debug|x64
		{9BE158B1-8DD5-488E-A2A0-8E27444D12F8}.PlantMAT|Any CPU.ActiveCfg = Debug|Any CPU
		{9BE158B1-8DD5-488E-A2A0-8E27444D12F8}.PlantMAT|Any CPU.Build.0 = Debug|Any CPU
		{9BE158B1-8DD5-488E-A2A0-8E27444D12F8}.PlantMAT|x64.ActiveCfg = Debug|x64
		{9BE158B1-8DD5-488E-A2A0-8E27444D12F8}.PlantMAT|x64.Build.0 = Debug|x64
		{9BE158B1-8DD5-488E-A2A0-8E27444D12F8}.Release|Any CPU.ActiveCfg = Release|Any CPU
		{9BE158B1-8DD5-488E-A2A0-8E27444D12F8}.Release|Any CPU.Build.0 = Release|Any CPU
		{9BE158B1-8DD5-488E-A2A0-8E27444D12F8}.Release|x64.ActiveCfg = Release|x64
		{9BE158B1-8DD5-488E-A2A0-8E27444D12F8}.Release|x64.Build.0 = Release|x64
		{9BE158B1-8DD5-488E-A2A0-8E27444D12F8}.Rsharp_app_release|Any CPU.ActiveCfg = Rsharp_app_release|Any CPU
		{9BE158B1-8DD5-488E-A2A0-8E27444D12F8}.Rsharp_app_release|Any CPU.Build.0 = Rsharp_app_release|Any CPU
		{9BE158B1-8DD5-488E-A2A0-8E27444D12F8}.Rsharp_app_release|x64.ActiveCfg = Rsharp_app_release|x64
		{9BE158B1-8DD5-488E-A2A0-8E27444D12F8}.Rsharp_app_release|x64.Build.0 = Rsharp_app_release|x64
		{F1FE350B-E5DD-4EFF-9575-9A41DD9445B1}.Debug|Any CPU.ActiveCfg = Debug|Any CPU
		{F1FE350B-E5DD-4EFF-9575-9A41DD9445B1}.Debug|Any CPU.Build.0 = Debug|Any CPU
		{F1FE350B-E5DD-4EFF-9575-9A41DD9445B1}.Debug|x64.ActiveCfg = Debug|x64
		{F1FE350B-E5DD-4EFF-9575-9A41DD9445B1}.Debug|x64.Build.0 = Debug|x64
		{F1FE350B-E5DD-4EFF-9575-9A41DD9445B1}.LipidSearch|Any CPU.ActiveCfg = LipidSearch|Any CPU
		{F1FE350B-E5DD-4EFF-9575-9A41DD9445B1}.LipidSearch|Any CPU.Build.0 = LipidSearch|Any CPU
		{F1FE350B-E5DD-4EFF-9575-9A41DD9445B1}.LipidSearch|x64.ActiveCfg = LipidSearch|x64
		{F1FE350B-E5DD-4EFF-9575-9A41DD9445B1}.LipidSearch|x64.Build.0 = LipidSearch|x64
		{F1FE350B-E5DD-4EFF-9575-9A41DD9445B1}.mzkit|Any CPU.ActiveCfg = mzkit|Any CPU
		{F1FE350B-E5DD-4EFF-9575-9A41DD9445B1}.mzkit|Any CPU.Build.0 = mzkit|Any CPU
		{F1FE350B-E5DD-4EFF-9575-9A41DD9445B1}.mzkit|x64.ActiveCfg = mzkit|x64
		{F1FE350B-E5DD-4EFF-9575-9A41DD9445B1}.mzkit|x64.Build.0 = mzkit|x64
		{F1FE350B-E5DD-4EFF-9575-9A41DD9445B1}.NPSearch|Any CPU.ActiveCfg = NPSearch|Any CPU
		{F1FE350B-E5DD-4EFF-9575-9A41DD9445B1}.NPSearch|Any CPU.Build.0 = NPSearch|Any CPU
		{F1FE350B-E5DD-4EFF-9575-9A41DD9445B1}.NPSearch|x64.ActiveCfg = NPSearch|x64
		{F1FE350B-E5DD-4EFF-9575-9A41DD9445B1}.NPSearch|x64.Build.0 = NPSearch|x64
		{F1FE350B-E5DD-4EFF-9575-9A41DD9445B1}.PlantMAT|Any CPU.ActiveCfg = Debug|Any CPU
		{F1FE350B-E5DD-4EFF-9575-9A41DD9445B1}.PlantMAT|Any CPU.Build.0 = Debug|Any CPU
		{F1FE350B-E5DD-4EFF-9575-9A41DD9445B1}.PlantMAT|x64.ActiveCfg = Debug|x64
		{F1FE350B-E5DD-4EFF-9575-9A41DD9445B1}.PlantMAT|x64.Build.0 = Debug|x64
		{F1FE350B-E5DD-4EFF-9575-9A41DD9445B1}.Release|Any CPU.ActiveCfg = Release|Any CPU
		{F1FE350B-E5DD-4EFF-9575-9A41DD9445B1}.Release|Any CPU.Build.0 = Release|Any CPU
		{F1FE350B-E5DD-4EFF-9575-9A41DD9445B1}.Release|x64.ActiveCfg = Release|x64
		{F1FE350B-E5DD-4EFF-9575-9A41DD9445B1}.Release|x64.Build.0 = Release|x64
		{F1FE350B-E5DD-4EFF-9575-9A41DD9445B1}.Rsharp_app_release|Any CPU.ActiveCfg = Rsharp_app_release|Any CPU
		{F1FE350B-E5DD-4EFF-9575-9A41DD9445B1}.Rsharp_app_release|Any CPU.Build.0 = Rsharp_app_release|Any CPU
		{F1FE350B-E5DD-4EFF-9575-9A41DD9445B1}.Rsharp_app_release|x64.ActiveCfg = Rsharp_app_release|x64
		{F1FE350B-E5DD-4EFF-9575-9A41DD9445B1}.Rsharp_app_release|x64.Build.0 = Rsharp_app_release|x64
		{F18D5D05-751F-434F-B60B-A6D4EDB759AE}.Debug|Any CPU.ActiveCfg = Debug|Any CPU
		{F18D5D05-751F-434F-B60B-A6D4EDB759AE}.Debug|Any CPU.Build.0 = Debug|Any CPU
		{F18D5D05-751F-434F-B60B-A6D4EDB759AE}.Debug|x64.ActiveCfg = Debug|Any CPU
		{F18D5D05-751F-434F-B60B-A6D4EDB759AE}.Debug|x64.Build.0 = Debug|Any CPU
		{F18D5D05-751F-434F-B60B-A6D4EDB759AE}.LipidSearch|Any CPU.ActiveCfg = Debug|Any CPU
		{F18D5D05-751F-434F-B60B-A6D4EDB759AE}.LipidSearch|Any CPU.Build.0 = Debug|Any CPU
		{F18D5D05-751F-434F-B60B-A6D4EDB759AE}.LipidSearch|x64.ActiveCfg = Debug|Any CPU
		{F18D5D05-751F-434F-B60B-A6D4EDB759AE}.LipidSearch|x64.Build.0 = Debug|Any CPU
		{F18D5D05-751F-434F-B60B-A6D4EDB759AE}.mzkit|Any CPU.ActiveCfg = Debug|Any CPU
		{F18D5D05-751F-434F-B60B-A6D4EDB759AE}.mzkit|Any CPU.Build.0 = Debug|Any CPU
		{F18D5D05-751F-434F-B60B-A6D4EDB759AE}.mzkit|x64.ActiveCfg = Debug|Any CPU
		{F18D5D05-751F-434F-B60B-A6D4EDB759AE}.mzkit|x64.Build.0 = Debug|Any CPU
		{F18D5D05-751F-434F-B60B-A6D4EDB759AE}.NPSearch|Any CPU.ActiveCfg = Debug|Any CPU
		{F18D5D05-751F-434F-B60B-A6D4EDB759AE}.NPSearch|Any CPU.Build.0 = Debug|Any CPU
		{F18D5D05-751F-434F-B60B-A6D4EDB759AE}.NPSearch|x64.ActiveCfg = Debug|Any CPU
		{F18D5D05-751F-434F-B60B-A6D4EDB759AE}.NPSearch|x64.Build.0 = Debug|Any CPU
		{F18D5D05-751F-434F-B60B-A6D4EDB759AE}.PlantMAT|Any CPU.ActiveCfg = Debug|Any CPU
		{F18D5D05-751F-434F-B60B-A6D4EDB759AE}.PlantMAT|Any CPU.Build.0 = Debug|Any CPU
		{F18D5D05-751F-434F-B60B-A6D4EDB759AE}.PlantMAT|x64.ActiveCfg = Debug|Any CPU
		{F18D5D05-751F-434F-B60B-A6D4EDB759AE}.PlantMAT|x64.Build.0 = Debug|Any CPU
		{F18D5D05-751F-434F-B60B-A6D4EDB759AE}.Release|Any CPU.ActiveCfg = Release|Any CPU
		{F18D5D05-751F-434F-B60B-A6D4EDB759AE}.Release|Any CPU.Build.0 = Release|Any CPU
		{F18D5D05-751F-434F-B60B-A6D4EDB759AE}.Release|x64.ActiveCfg = Release|Any CPU
		{F18D5D05-751F-434F-B60B-A6D4EDB759AE}.Release|x64.Build.0 = Release|Any CPU
		{F18D5D05-751F-434F-B60B-A6D4EDB759AE}.Rsharp_app_release|Any CPU.ActiveCfg = Release|Any CPU
		{F18D5D05-751F-434F-B60B-A6D4EDB759AE}.Rsharp_app_release|Any CPU.Build.0 = Release|Any CPU
		{F18D5D05-751F-434F-B60B-A6D4EDB759AE}.Rsharp_app_release|x64.ActiveCfg = Release|Any CPU
		{F18D5D05-751F-434F-B60B-A6D4EDB759AE}.Rsharp_app_release|x64.Build.0 = Release|Any CPU
		{6C8F6B83-845C-4B34-90DA-F95B4EA99050}.Debug|Any CPU.ActiveCfg = Debug|Any CPU
		{6C8F6B83-845C-4B34-90DA-F95B4EA99050}.Debug|Any CPU.Build.0 = Debug|Any CPU
		{6C8F6B83-845C-4B34-90DA-F95B4EA99050}.Debug|x64.ActiveCfg = Debug|x64
		{6C8F6B83-845C-4B34-90DA-F95B4EA99050}.Debug|x64.Build.0 = Debug|x64
		{6C8F6B83-845C-4B34-90DA-F95B4EA99050}.LipidSearch|Any CPU.ActiveCfg = LipidSearch|Any CPU
		{6C8F6B83-845C-4B34-90DA-F95B4EA99050}.LipidSearch|Any CPU.Build.0 = LipidSearch|Any CPU
		{6C8F6B83-845C-4B34-90DA-F95B4EA99050}.LipidSearch|x64.ActiveCfg = LipidSearch|x64
		{6C8F6B83-845C-4B34-90DA-F95B4EA99050}.LipidSearch|x64.Build.0 = LipidSearch|x64
		{6C8F6B83-845C-4B34-90DA-F95B4EA99050}.mzkit|Any CPU.ActiveCfg = mzkit|Any CPU
		{6C8F6B83-845C-4B34-90DA-F95B4EA99050}.mzkit|Any CPU.Build.0 = mzkit|Any CPU
		{6C8F6B83-845C-4B34-90DA-F95B4EA99050}.mzkit|x64.ActiveCfg = mzkit|x64
		{6C8F6B83-845C-4B34-90DA-F95B4EA99050}.mzkit|x64.Build.0 = mzkit|x64
		{6C8F6B83-845C-4B34-90DA-F95B4EA99050}.NPSearch|Any CPU.ActiveCfg = NPSearch|Any CPU
		{6C8F6B83-845C-4B34-90DA-F95B4EA99050}.NPSearch|Any CPU.Build.0 = NPSearch|Any CPU
		{6C8F6B83-845C-4B34-90DA-F95B4EA99050}.NPSearch|x64.ActiveCfg = NPSearch|x64
		{6C8F6B83-845C-4B34-90DA-F95B4EA99050}.NPSearch|x64.Build.0 = NPSearch|x64
		{6C8F6B83-845C-4B34-90DA-F95B4EA99050}.PlantMAT|Any CPU.ActiveCfg = PlantMAT|Any CPU
		{6C8F6B83-845C-4B34-90DA-F95B4EA99050}.PlantMAT|Any CPU.Build.0 = PlantMAT|Any CPU
		{6C8F6B83-845C-4B34-90DA-F95B4EA99050}.PlantMAT|x64.ActiveCfg = PlantMAT|x64
		{6C8F6B83-845C-4B34-90DA-F95B4EA99050}.PlantMAT|x64.Build.0 = PlantMAT|x64
		{6C8F6B83-845C-4B34-90DA-F95B4EA99050}.Release|Any CPU.ActiveCfg = Release|Any CPU
		{6C8F6B83-845C-4B34-90DA-F95B4EA99050}.Release|Any CPU.Build.0 = Release|Any CPU
		{6C8F6B83-845C-4B34-90DA-F95B4EA99050}.Release|x64.ActiveCfg = Release|x64
		{6C8F6B83-845C-4B34-90DA-F95B4EA99050}.Release|x64.Build.0 = Release|x64
		{6C8F6B83-845C-4B34-90DA-F95B4EA99050}.Rsharp_app_release|Any CPU.ActiveCfg = Rsharp_app_release|Any CPU
		{6C8F6B83-845C-4B34-90DA-F95B4EA99050}.Rsharp_app_release|Any CPU.Build.0 = Rsharp_app_release|Any CPU
		{6C8F6B83-845C-4B34-90DA-F95B4EA99050}.Rsharp_app_release|x64.ActiveCfg = Rsharp_app_release|x64
		{6C8F6B83-845C-4B34-90DA-F95B4EA99050}.Rsharp_app_release|x64.Build.0 = Rsharp_app_release|x64
		{E5E6A5B4-5CCC-4694-8850-CB657D191B79}.Debug|Any CPU.ActiveCfg = Debug|Any CPU
		{E5E6A5B4-5CCC-4694-8850-CB657D191B79}.Debug|Any CPU.Build.0 = Debug|Any CPU
		{E5E6A5B4-5CCC-4694-8850-CB657D191B79}.Debug|x64.ActiveCfg = Debug|x64
		{E5E6A5B4-5CCC-4694-8850-CB657D191B79}.Debug|x64.Build.0 = Debug|x64
		{E5E6A5B4-5CCC-4694-8850-CB657D191B79}.LipidSearch|Any CPU.ActiveCfg = LipidSearch|Any CPU
		{E5E6A5B4-5CCC-4694-8850-CB657D191B79}.LipidSearch|Any CPU.Build.0 = LipidSearch|Any CPU
		{E5E6A5B4-5CCC-4694-8850-CB657D191B79}.LipidSearch|x64.ActiveCfg = LipidSearch|x64
		{E5E6A5B4-5CCC-4694-8850-CB657D191B79}.LipidSearch|x64.Build.0 = LipidSearch|x64
		{E5E6A5B4-5CCC-4694-8850-CB657D191B79}.mzkit|Any CPU.ActiveCfg = mzkit|Any CPU
		{E5E6A5B4-5CCC-4694-8850-CB657D191B79}.mzkit|Any CPU.Build.0 = mzkit|Any CPU
		{E5E6A5B4-5CCC-4694-8850-CB657D191B79}.mzkit|x64.ActiveCfg = mzkit|x64
		{E5E6A5B4-5CCC-4694-8850-CB657D191B79}.mzkit|x64.Build.0 = mzkit|x64
		{E5E6A5B4-5CCC-4694-8850-CB657D191B79}.NPSearch|Any CPU.ActiveCfg = NPSearch|Any CPU
		{E5E6A5B4-5CCC-4694-8850-CB657D191B79}.NPSearch|Any CPU.Build.0 = NPSearch|Any CPU
		{E5E6A5B4-5CCC-4694-8850-CB657D191B79}.NPSearch|x64.ActiveCfg = NPSearch|x64
		{E5E6A5B4-5CCC-4694-8850-CB657D191B79}.NPSearch|x64.Build.0 = NPSearch|x64
		{E5E6A5B4-5CCC-4694-8850-CB657D191B79}.PlantMAT|Any CPU.ActiveCfg = PlantMAT|Any CPU
		{E5E6A5B4-5CCC-4694-8850-CB657D191B79}.PlantMAT|Any CPU.Build.0 = PlantMAT|Any CPU
		{E5E6A5B4-5CCC-4694-8850-CB657D191B79}.PlantMAT|x64.ActiveCfg = PlantMAT|x64
		{E5E6A5B4-5CCC-4694-8850-CB657D191B79}.PlantMAT|x64.Build.0 = PlantMAT|x64
		{E5E6A5B4-5CCC-4694-8850-CB657D191B79}.Release|Any CPU.ActiveCfg = Release|Any CPU
		{E5E6A5B4-5CCC-4694-8850-CB657D191B79}.Release|Any CPU.Build.0 = Release|Any CPU
		{E5E6A5B4-5CCC-4694-8850-CB657D191B79}.Release|x64.ActiveCfg = Release|x64
		{E5E6A5B4-5CCC-4694-8850-CB657D191B79}.Release|x64.Build.0 = Release|x64
		{E5E6A5B4-5CCC-4694-8850-CB657D191B79}.Rsharp_app_release|Any CPU.ActiveCfg = Rsharp_app_release|Any CPU
		{E5E6A5B4-5CCC-4694-8850-CB657D191B79}.Rsharp_app_release|Any CPU.Build.0 = Rsharp_app_release|Any CPU
		{E5E6A5B4-5CCC-4694-8850-CB657D191B79}.Rsharp_app_release|x64.ActiveCfg = Rsharp_app_release|x64
		{E5E6A5B4-5CCC-4694-8850-CB657D191B79}.Rsharp_app_release|x64.Build.0 = Rsharp_app_release|x64
	EndGlobalSection
	GlobalSection(SolutionProperties) = preSolution
		HideSolutionNode = FALSE
	EndGlobalSection
	GlobalSection(NestedProjects) = preSolution
		{E09D8747-B783-4C8D-81E2-94BEB760F1FF} = {31E914E7-3BB0-49B9-9C0D-0E1D1E64C1E6}
		{E06E5C21-3F6A-45B9-973B-D8DC9B7605AE} = {31E914E7-3BB0-49B9-9C0D-0E1D1E64C1E6}
		{DF4B188D-63F6-4F90-8949-1E72EB146314} = {DE634AC6-244F-41C8-B92C-5622B213DDC3}
		{02774B2D-9079-4833-B79C-07AFB2E25343} = {31E914E7-3BB0-49B9-9C0D-0E1D1E64C1E6}
		{239776EA-F922-4B1D-9582-A93DA96A48D9} = {02774B2D-9079-4833-B79C-07AFB2E25343}
		{57A462B8-D289-4C83-B3D2-DD1BDE6FB181} = {E09D8747-B783-4C8D-81E2-94BEB760F1FF}
		{84B69AA2-8008-4987-88DE-C228B8A72026} = {E09D8747-B783-4C8D-81E2-94BEB760F1FF}
		{9BE158B1-8DD5-488E-A2A0-8E27444D12F8} = {6FA9C997-E8EA-4522-9009-E2B5AD9FB608}
		{F1FE350B-E5DD-4EFF-9575-9A41DD9445B1} = {6FA9C997-E8EA-4522-9009-E2B5AD9FB608}
		{6C8F6B83-845C-4B34-90DA-F95B4EA99050} = {02774B2D-9079-4833-B79C-07AFB2E25343}
		{E5E6A5B4-5CCC-4694-8850-CB657D191B79} = {02774B2D-9079-4833-B79C-07AFB2E25343}
	EndGlobalSection
	GlobalSection(ExtensibilityGlobals) = postSolution
		SolutionGuid = {FCB13455-A4F1-4136-9521-7F40BDAA4692}
	EndGlobalSection
EndGlobal
